// !$*UTF8*$!
{
	archiveVersion = 1;
	classes = {
	};
	objectVersion = 56;
	objects = {

/* Begin PBXBuildFile section */
		03E606DBDD367E2AD0752BEF /* NotchView.swift in Sources */ = {isa = PBXBuildFile; fileRef = B7E2E08A2E49E40F9B53ED75 /* NotchView.swift */; };
		063496CDBDC6E2B3086A3D3C /* NotchContentView.swift in Sources */ = {isa = PBXBuildFile; fileRef = C94620D2553F2D00EB8A0A69 /* NotchContentView.swift */; };
		1DF506F9DE0633DF4536EA38 /* NotchViewController.swift in Sources */ = {isa = PBXBuildFile; fileRef = 26860DEF09575F866DBFC2F1 /* NotchViewController.swift */; };
		48A15765562F6694BA2AB0F8 /* NotchWindow.swift in Sources */ = {isa = PBXBuildFile; fileRef = 2AB32D2BD68CEE27BE169873 /* NotchWindow.swift */; };
		6187A966E0E96A58B99CB578 /* NotchViewModel.swift in Sources */ = {isa = PBXBuildFile; fileRef = 2CC0A3271BF47D579F370856 /* NotchViewModel.swift */; };
		6F20B37A2EA3B9D500D45C80 /* CameraOverlayView.swift in Sources */ = {isa = PBXBuildFile; fileRef = 6F20B3712EA3B9D500D45C80 /* CameraOverlayView.swift */; };
		6F20B37B2EA3B9D500D45C80 /* SettingsWindow.swift in Sources */ = {isa = PBXBuildFile; fileRef = 6F20B3792EA3B9D500D45C80 /* SettingsWindow.swift */; };
		6F20B37C2EA3B9D500D45C80 /* NotificationManager.swift in Sources */ = {isa = PBXBuildFile; fileRef = 6F20B3762EA3B9D500D45C80 /* NotificationManager.swift */; };
		6F20B37D2EA3B9D500D45C80 /* AppDelegate.swift in Sources */ = {isa = PBXBuildFile; fileRef = 6F20B3702EA3B9D500D45C80 /* AppDelegate.swift */; };
		6F20B37E2EA3B9D500D45C80 /* LaunchAtLoginManager.swift in Sources */ = {isa = PBXBuildFile; fileRef = 6F20B3732EA3B9D500D45C80 /* LaunchAtLoginManager.swift */; };
		6F20B37F2EA3B9D500D45C80 /* MenuBarView.swift in Sources */ = {isa = PBXBuildFile; fileRef = 6F20B3752EA3B9D500D45C80 /* MenuBarView.swift */; };
		6F20B3812EA3B9D500D45C80 /* MenuBarController.swift in Sources */ = {isa = PBXBuildFile; fileRef = 6F20B3742EA3B9D500D45C80 /* MenuBarController.swift */; };
		6F20B3822EA3B9D500D45C80 /* PreferencesManager.swift in Sources */ = {isa = PBXBuildFile; fileRef = 6F20B3772EA3B9D500D45C80 /* PreferencesManager.swift */; };
		6F20B3832EA3B9D500D45C80 /* SettingsView.swift in Sources */ = {isa = PBXBuildFile; fileRef = 6F20B3782EA3B9D500D45C80 /* SettingsView.swift */; };
		6F20B3852EA3BA8700D45C80 /* BackgroundMonitoringService.swift in Sources */ = {isa = PBXBuildFile; fileRef = 6F20B3842EA3BA8700D45C80 /* BackgroundMonitoringService.swift */; };
		898345301AB15352FF5FD14B /* Ext+NSScreen.swift in Sources */ = {isa = PBXBuildFile; fileRef = DE312F0BB390473FAF74DB12 /* Ext+NSScreen.swift */; };
		8BDA1B49C31C4F98932786D5 /* CameraNotchManager.swift in Sources */ = {isa = PBXBuildFile; fileRef = DA01A8931DFE01F033FD64EC /* CameraNotchManager.swift */; };
		91AC13C13845417A73174819 /* NotchWindowController.swift in Sources */ = {isa = PBXBuildFile; fileRef = 29BAE7D37CEFD0E600FCAB86 /* NotchWindowController.swift */; };
		99EF8BB2324E6F15D926EFA0 /* CameraNotchManager.swift in Sources */ = {isa = PBXBuildFile; fileRef = FF4B52307B65BBCDFE60E75E /* CameraNotchManager.swift */; };
		A1234567890ABCDEF001 /* iseeApp.swift in Sources */ = {isa = PBXBuildFile; fileRef = A1234567890ABCDEF000 /* iseeApp.swift */; };
		A1234567890ABCDEF005 /* Assets.xcassets in Resources */ = {isa = PBXBuildFile; fileRef = A1234567890ABCDEF004 /* Assets.xcassets */; };
		A1234567890ABCDEF008 /* Preview Assets.xcassets in Resources */ = {isa = PBXBuildFile; fileRef = A1234567890ABCDEF007 /* Preview Assets.xcassets */; };
		A1234567890ABCDEF00A /* CameraManager.swift in Sources */ = {isa = PBXBuildFile; fileRef = A1234567890ABCDEF009 /* CameraManager.swift */; };
		A1234567890ABCDEF00C /* VisionProcessor.swift in Sources */ = {isa = PBXBuildFile; fileRef = A1234567890ABCDEF00B /* VisionProcessor.swift */; };
		A1234567890ABCDEF00E /* StateController.swift in Sources */ = {isa = PBXBuildFile; fileRef = A1234567890ABCDEF00D /* StateController.swift */; };
		CD374F805C2295F5B8E21034 /* NotchNotification.swift in Sources */ = {isa = PBXBuildFile; fileRef = 9BB4D03E1871D83AB14D2331 /* NotchNotification.swift */; };
		D480C3206D6A0D00B0B84515 /* NotificationContext.swift in Sources */ = {isa = PBXBuildFile; fileRef = A279C81A1EB1AB81F0CC209E /* NotificationContext.swift */; };
		F35B670E0AB20151934EB223 /* NotchHeaderView.swift in Sources */ = {isa = PBXBuildFile; fileRef = C3B6C655FDBA21470EFB786F /* NotchHeaderView.swift */; };
/* End PBXBuildFile section */

/* Begin PBXFileReference section */
		26860DEF09575F866DBFC2F1 /* NotchViewController.swift */ = {isa = PBXFileReference; includeInIndex = 1; lastKnownFileType = sourcecode.swift; path = NotchViewController.swift; sourceTree = "<group>"; };
		29BAE7D37CEFD0E600FCAB86 /* NotchWindowController.swift */ = {isa = PBXFileReference; includeInIndex = 1; lastKnownFileType = sourcecode.swift; path = NotchWindowController.swift; sourceTree = "<group>"; };
		2AB32D2BD68CEE27BE169873 /* NotchWindow.swift */ = {isa = PBXFileReference; includeInIndex = 1; lastKnownFileType = sourcecode.swift; path = NotchWindow.swift; sourceTree = "<group>"; };
		2CC0A3271BF47D579F370856 /* NotchViewModel.swift */ = {isa = PBXFileReference; includeInIndex = 1; lastKnownFileType = sourcecode.swift; path = NotchViewModel.swift; sourceTree = "<group>"; };
		6F20B3702EA3B9D500D45C80 /* AppDelegate.swift */ = {isa = PBXFileReference; lastKnownFileType = sourcecode.swift; path = AppDelegate.swift; sourceTree = "<group>"; };
		6F20B3712EA3B9D500D45C80 /* CameraOverlayView.swift */ = {isa = PBXFileReference; lastKnownFileType = sourcecode.swift; path = CameraOverlayView.swift; sourceTree = "<group>"; };
		6F20B3732EA3B9D500D45C80 /* LaunchAtLoginManager.swift */ = {isa = PBXFileReference; lastKnownFileType = sourcecode.swift; path = LaunchAtLoginManager.swift; sourceTree = "<group>"; };
		6F20B3742EA3B9D500D45C80 /* MenuBarController.swift */ = {isa = PBXFileReference; lastKnownFileType = sourcecode.swift; path = MenuBarController.swift; sourceTree = "<group>"; };
		6F20B3752EA3B9D500D45C80 /* MenuBarView.swift */ = {isa = PBXFileReference; lastKnownFileType = sourcecode.swift; path = MenuBarView.swift; sourceTree = "<group>"; };
		6F20B3762EA3B9D500D45C80 /* NotificationManager.swift */ = {isa = PBXFileReference; lastKnownFileType = sourcecode.swift; path = NotificationManager.swift; sourceTree = "<group>"; };
		6F20B3772EA3B9D500D45C80 /* PreferencesManager.swift */ = {isa = PBXFileReference; lastKnownFileType = sourcecode.swift; path = PreferencesManager.swift; sourceTree = "<group>"; };
		6F20B3782EA3B9D500D45C80 /* SettingsView.swift */ = {isa = PBXFileReference; lastKnownFileType = sourcecode.swift; path = SettingsView.swift; sourceTree = "<group>"; };
		6F20B3792EA3B9D500D45C80 /* SettingsWindow.swift */ = {isa = PBXFileReference; lastKnownFileType = sourcecode.swift; path = SettingsWindow.swift; sourceTree = "<group>"; };
		6F20B3842EA3BA8700D45C80 /* BackgroundMonitoringService.swift */ = {isa = PBXFileReference; lastKnownFileType = sourcecode.swift; path = BackgroundMonitoringService.swift; sourceTree = "<group>"; };
		9BB4D03E1871D83AB14D2331 /* NotchNotification.swift */ = {isa = PBXFileReference; includeInIndex = 1; lastKnownFileType = sourcecode.swift; path = NotchNotification.swift; sourceTree = "<group>"; };
		A1234567890ABCDEF000 /* iseeApp.swift */ = {isa = PBXFileReference; lastKnownFileType = sourcecode.swift; path = iseeApp.swift; sourceTree = "<group>"; };
		A1234567890ABCDEF004 /* Assets.xcassets */ = {isa = PBXFileReference; lastKnownFileType = folder.assetcatalog; path = Assets.xcassets; sourceTree = "<group>"; };
		A1234567890ABCDEF007 /* Preview Assets.xcassets */ = {isa = PBXFileReference; lastKnownFileType = folder.assetcatalog; path = "Preview Assets.xcassets"; sourceTree = "<group>"; };
		A1234567890ABCDEF009 /* CameraManager.swift */ = {isa = PBXFileReference; lastKnownFileType = sourcecode.swift; path = CameraManager.swift; sourceTree = "<group>"; };
		A1234567890ABCDEF00B /* VisionProcessor.swift */ = {isa = PBXFileReference; lastKnownFileType = sourcecode.swift; path = VisionProcessor.swift; sourceTree = "<group>"; };
		A1234567890ABCDEF00D /* StateController.swift */ = {isa = PBXFileReference; lastKnownFileType = sourcecode.swift; path = StateController.swift; sourceTree = "<group>"; };
		A1234567890ABCDEF011 /* Info.plist */ = {isa = PBXFileReference; lastKnownFileType = text.plist.xml; path = Info.plist; sourceTree = "<group>"; };
		A1234567890ABCDEFFD /* isee.app */ = {isa = PBXFileReference; explicitFileType = wrapper.application; includeInIndex = 0; path = isee.app; sourceTree = BUILT_PRODUCTS_DIR; };
		A279C81A1EB1AB81F0CC209E /* NotificationContext.swift */ = {isa = PBXFileReference; includeInIndex = 1; lastKnownFileType = sourcecode.swift; path = NotificationContext.swift; sourceTree = "<group>"; };
		B7E2E08A2E49E40F9B53ED75 /* NotchView.swift */ = {isa = PBXFileReference; includeInIndex = 1; lastKnownFileType = sourcecode.swift; path = NotchView.swift; sourceTree = "<group>"; };
		C3B6C655FDBA21470EFB786F /* NotchHeaderView.swift */ = {isa = PBXFileReference; includeInIndex = 1; lastKnownFileType = sourcecode.swift; path = NotchHeaderView.swift; sourceTree = "<group>"; };
		C94620D2553F2D00EB8A0A69 /* NotchContentView.swift */ = {isa = PBXFileReference; includeInIndex = 1; lastKnownFileType = sourcecode.swift; path = NotchContentView.swift; sourceTree = "<group>"; };
		DA01A8931DFE01F033FD64EC /* CameraNotchManager.swift */ = {isa = PBXFileReference; includeInIndex = 1; lastKnownFileType = sourcecode.swift; path = CameraNotchManager.swift; sourceTree = "<group>"; };
		DE312F0BB390473FAF74DB12 /* Ext+NSScreen.swift */ = {isa = PBXFileReference; includeInIndex = 1; lastKnownFileType = sourcecode.swift; path = "Ext+NSScreen.swift"; sourceTree = "<group>"; };
		FF4B52307B65BBCDFE60E75E /* CameraNotchManager.swift */ = {isa = PBXFileReference; includeInIndex = 1; lastKnownFileType = sourcecode.swift; path = CameraNotchManager.swift; sourceTree = "<group>"; };
/* End PBXFileReference section */

/* Begin PBXFrameworksBuildPhase section */
		A1234567890ABCDEFFA /* Frameworks */ = {
			isa = PBXFrameworksBuildPhase;
			buildActionMask = 2147483647;
			files = (
			);
			runOnlyForDeploymentPostprocessing = 0;
		};
/* End PBXFrameworksBuildPhase section */

/* Begin PBXGroup section */
		66646815D4D441BE7DE1DCB2 /* NotchNotification */ = {
			isa = PBXGroup;
			children = (
				DE312F0BB390473FAF74DB12 /* Ext+NSScreen.swift */,
				C94620D2553F2D00EB8A0A69 /* NotchContentView.swift */,
				C3B6C655FDBA21470EFB786F /* NotchHeaderView.swift */,
				9BB4D03E1871D83AB14D2331 /* NotchNotification.swift */,
				B7E2E08A2E49E40F9B53ED75 /* NotchView.swift */,
				26860DEF09575F866DBFC2F1 /* NotchViewController.swift */,
				2CC0A3271BF47D579F370856 /* NotchViewModel.swift */,
				2AB32D2BD68CEE27BE169873 /* NotchWindow.swift */,
				29BAE7D37CEFD0E600FCAB86 /* NotchWindowController.swift */,
				A279C81A1EB1AB81F0CC209E /* NotificationContext.swift */,
			);
			name = NotchNotification;
			path = NotchNotification;
			sourceTree = "<group>";
		};
		A1234567890ABCDEF006 /* Preview Content */ = {
			isa = PBXGroup;
			children = (
				A1234567890ABCDEF007 /* Preview Assets.xcassets */,
			);
			path = "Preview Content";
			sourceTree = "<group>";
		};
		A1234567890ABCDEFF4 = {
			isa = PBXGroup;
			children = (
				A1234567890ABCDEFFF /*  */,
				A1234567890ABCDEFFE /* Products */,
				66646815D4D441BE7DE1DCB2 /* NotchNotification */,
				DA01A8931DFE01F033FD64EC /* CameraNotchManager.swift */,
				FF4B52307B65BBCDFE60E75E /* CameraNotchManager.swift */,
			);
			sourceTree = "<group>";
		};
		A1234567890ABCDEFFE /* Products */ = {
			isa = PBXGroup;
			children = (
				A1234567890ABCDEFFD /* isee.app */,
			);
			name = Products;
			sourceTree = "<group>";
		};
		A1234567890ABCDEFFF /*  */ = {
			isa = PBXGroup;
			children = (
				6F20B3842EA3BA8700D45C80 /* BackgroundMonitoringService.swift */,
				6F20B3702EA3B9D500D45C80 /* AppDelegate.swift */,
				6F20B3712EA3B9D500D45C80 /* CameraOverlayView.swift */,
				6F20B3732EA3B9D500D45C80 /* LaunchAtLoginManager.swift */,
				6F20B3742EA3B9D500D45C80 /* MenuBarController.swift */,
				6F20B3752EA3B9D500D45C80 /* MenuBarView.swift */,
				6F20B3762EA3B9D500D45C80 /* NotificationManager.swift */,
				6F20B3772EA3B9D500D45C80 /* PreferencesManager.swift */,
				6F20B3782EA3B9D500D45C80 /* SettingsView.swift */,
				6F20B3792EA3B9D500D45C80 /* SettingsWindow.swift */,
				A1234567890ABCDEF000 /* iseeApp.swift */,
				A1234567890ABCDEF009 /* CameraManager.swift */,
				A1234567890ABCDEF00B /* VisionProcessor.swift */,
				A1234567890ABCDEF00D /* StateController.swift */,
				A1234567890ABCDEF004 /* Assets.xcassets */,
				A1234567890ABCDEF011 /* Info.plist */,
				A1234567890ABCDEF006 /* Preview Content */,
			);
			sourceTree = "<group>";
		};
/* End PBXGroup section */

/* Begin PBXNativeTarget section */
		A1234567890ABCDEFFC /* isee */ = {
			isa = PBXNativeTarget;
			buildConfigurationList = A1234567890ABCDEF012 /* Build configuration list for PBXNativeTarget "isee" */;
			buildPhases = (
				A1234567890ABCDEFF9 /* Sources */,
				A1234567890ABCDEFFA /* Frameworks */,
				A1234567890ABCDEFFB /* Resources */,
			);
			buildRules = (
			);
			dependencies = (
			);
			name = isee;
			productName = isee;
			productReference = A1234567890ABCDEFFD /* isee.app */;
			productType = "com.apple.product-type.application";
		};
/* End PBXNativeTarget section */

/* Begin PBXProject section */
		A1234567890ABCDEFF5 /* Project object */ = {
			isa = PBXProject;
			attributes = {
				BuildIndependentTargetsInParallel = 1;
				LastSwiftUpdateCheck = 1500;
				LastUpgradeCheck = 1500;
				TargetAttributes = {
					A1234567890ABCDEFFC = {
						CreatedOnToolsVersion = 15.0;
					};
				};
			};
			buildConfigurationList = A1234567890ABCDEFF8 /* Build configuration list for PBXProject "isee" */;
			compatibilityVersion = "Xcode 14.0";
			developmentRegion = en;
			hasScannedForEncodings = 0;
			knownRegions = (
				en,
				Base,
			);
			mainGroup = A1234567890ABCDEFF4;
			productRefGroup = A1234567890ABCDEFFE /* Products */;
			projectDirPath = "";
			projectRoot = "";
			targets = (
				A1234567890ABCDEFFC /* isee */,
			);
		};
/* End PBXProject section */

/* Begin PBXResourcesBuildPhase section */
		A1234567890ABCDEFFB /* Resources */ = {
			isa = PBXResourcesBuildPhase;
			buildActionMask = 2147483647;
			files = (
				A1234567890ABCDEF008 /* Preview Assets.xcassets in Resources */,
				A1234567890ABCDEF005 /* Assets.xcassets in Resources */,
			);
			runOnlyForDeploymentPostprocessing = 0;
		};
/* End PBXResourcesBuildPhase section */

/* Begin PBXSourcesBuildPhase section */
		A1234567890ABCDEFF9 /* Sources */ = {
			isa = PBXSourcesBuildPhase;
			buildActionMask = 2147483647;
			files = (
				A1234567890ABCDEF00A /* CameraManager.swift in Sources */,
				A1234567890ABCDEF00C /* VisionProcessor.swift in Sources */,
				A1234567890ABCDEF00E /* StateController.swift in Sources */,
				6F20B37A2EA3B9D500D45C80 /* CameraOverlayView.swift in Sources */,
				6F20B37B2EA3B9D500D45C80 /* SettingsWindow.swift in Sources */,
				6F20B37C2EA3B9D500D45C80 /* NotificationManager.swift in Sources */,
				6F20B37D2EA3B9D500D45C80 /* AppDelegate.swift in Sources */,
				6F20B37E2EA3B9D500D45C80 /* LaunchAtLoginManager.swift in Sources */,
				6F20B3852EA3BA8700D45C80 /* BackgroundMonitoringService.swift in Sources */,
				6F20B37F2EA3B9D500D45C80 /* MenuBarView.swift in Sources */,
				6F20B3812EA3B9D500D45C80 /* MenuBarController.swift in Sources */,
				6F20B3822EA3B9D500D45C80 /* PreferencesManager.swift in Sources */,
				6F20B3832EA3B9D500D45C80 /* SettingsView.swift in Sources */,
				A1234567890ABCDEF001 /* iseeApp.swift in Sources */,
				8BDA1B49C31C4F98932786D5 /* CameraNotchManager.swift in Sources */,
				898345301AB15352FF5FD14B /* Ext+NSScreen.swift in Sources */,
				063496CDBDC6E2B3086A3D3C /* NotchContentView.swift in Sources */,
				F35B670E0AB20151934EB223 /* NotchHeaderView.swift in Sources */,
				CD374F805C2295F5B8E21034 /* NotchNotification.swift in Sources */,
				03E606DBDD367E2AD0752BEF /* NotchView.swift in Sources */,
				1DF506F9DE0633DF4536EA38 /* NotchViewController.swift in Sources */,
				6187A966E0E96A58B99CB578 /* NotchViewModel.swift in Sources */,
				48A15765562F6694BA2AB0F8 /* NotchWindow.swift in Sources */,
				91AC13C13845417A73174819 /* NotchWindowController.swift in Sources */,
				D480C3206D6A0D00B0B84515 /* NotificationContext.swift in Sources */,
				99EF8BB2324E6F15D926EFA0 /* CameraNotchManager.swift in Sources */,
			);
			runOnlyForDeploymentPostprocessing = 0;
		};
/* End PBXSourcesBuildPhase section */

/* Begin XCBuildConfiguration section */
		A1234567890ABCDEF013 /* Debug */ = {
			isa = XCBuildConfiguration;
			buildSettings = {
				ALWAYS_SEARCH_USER_PATHS = NO;
				ASSETCATALOG_COMPILER_GENERATE_SWIFT_ASSET_SYMBOL_EXTENSIONS = YES;
				CLANG_ANALYZER_NONNULL = YES;
				CLANG_ANALYZER_NUMBER_OBJECT_CONVERSION = YES_AGGRESSIVE;
				CLANG_CXX_LANGUAGE_STANDARD = "gnu++20";
				CLANG_ENABLE_MODULES = YES;
				CLANG_ENABLE_OBJC_ARC = YES;
				CLANG_ENABLE_OBJC_WEAK = YES;
				CLANG_WARN_BLOCK_CAPTURE_AUTORELEASING = YES;
				CLANG_WARN_BOOL_CONVERSION = YES;
				CLANG_WARN_COMMA = YES;
				CLANG_WARN_CONSTANT_CONVERSION = YES;
				CLANG_WARN_DEPRECATED_OBJC_IMPLEMENTATIONS = YES;
				CLANG_WARN_DIRECT_OBJC_ISA_USAGE = YES_ERROR;
				CLANG_WARN_DOCUMENTATION_COMMENTS = YES;
				CLANG_WARN_EMPTY_BODY = YES;
				CLANG_WARN_ENUM_CONVERSION = YES;
				CLANG_WARN_INFINITE_RECURSION = YES;
				CLANG_WARN_INT_CONVERSION = YES;
				CLANG_WARN_NON_LITERAL_NULL_CONVERSION = YES;
				CLANG_WARN_OBJC_IMPLICIT_RETAIN_SELF = YES;
				CLANG_WARN_OBJC_LITERAL_CONVERSION = YES;
				CLANG_WARN_OBJC_ROOT_CLASS = YES_ERROR;
				CLANG_WARN_QUOTED_INCLUDE_IN_FRAMEWORK_HEADER = YES;
				CLANG_WARN_RANGE_LOOP_ANALYSIS = YES;
				CLANG_WARN_STRICT_PROTOTYPES = YES;
				CLANG_WARN_SUSPICIOUS_MOVE = YES;
				CLANG_WARN_UNGUARDED_AVAILABILITY = YES_AGGRESSIVE;
				CLANG_WARN_UNREACHABLE_CODE = YES;
				CLANG_WARN__DUPLICATE_METHOD_MATCH = YES;
				COPY_PHASE_STRIP = NO;
				DEBUG_INFORMATION_FORMAT = dwarf;
				ENABLE_STRICT_OBJC_MSGSEND = YES;
				ENABLE_TESTABILITY = YES;
				ENABLE_USER_SCRIPT_SANDBOXING = YES;
				GCC_C_LANGUAGE_STANDARD = gnu17;
				GCC_DYNAMIC_NO_PIC = NO;
				GCC_NO_COMMON_BLOCKS = YES;
				GCC_OPTIMIZATION_LEVEL = 0;
				GCC_PREPROCESSOR_DEFINITIONS = (
					"DEBUG=1",
					"$(inherited)",
				);
				GCC_WARN_64_TO_32_BIT_CONVERSION = YES;
				GCC_WARN_ABOUT_RETURN_TYPE = YES_ERROR;
				GCC_WARN_UNDECLARED_SELECTOR = YES;
				GCC_WARN_UNINITIALIZED_AUTOS = YES_AGGRESSIVE;
				GCC_WARN_UNUSED_FUNCTION = YES;
				GCC_WARN_UNUSED_VARIABLE = YES;
				LOCALIZATION_PREFERS_STRING_CATALOGS = YES;
				MACOSX_DEPLOYMENT_TARGET = 13.0;
				MTL_ENABLE_DEBUG_INFO = INCLUDE_SOURCE;
				MTL_FAST_MATH = YES;
				ONLY_ACTIVE_ARCH = YES;
				SDKROOT = macosx;
				SWIFT_ACTIVE_COMPILATION_CONDITIONS = "DEBUG $(inherited)";
				SWIFT_OPTIMIZATION_LEVEL = "-Onone";
			};
			name = Debug;
		};
		A1234567890ABCDEF014 /* Release */ = {
			isa = XCBuildConfiguration;
			buildSettings = {
				ALWAYS_SEARCH_USER_PATHS = NO;
				ASSETCATALOG_COMPILER_GENERATE_SWIFT_ASSET_SYMBOL_EXTENSIONS = YES;
				CLANG_ANALYZER_NONNULL = YES;
				CLANG_ANALYZER_NUMBER_OBJECT_CONVERSION = YES_AGGRESSIVE;
				CLANG_CXX_LANGUAGE_STANDARD = "gnu++20";
				CLANG_ENABLE_MODULES = YES;
				CLANG_ENABLE_OBJC_ARC = YES;
				CLANG_ENABLE_OBJC_WEAK = YES;
				CLANG_WARN_BLOCK_CAPTURE_AUTORELEASING = YES;
				CLANG_WARN_BOOL_CONVERSION = YES;
				CLANG_WARN_COMMA = YES;
				CLANG_WARN_CONSTANT_CONVERSION = YES;
				CLANG_WARN_DEPRECATED_OBJC_IMPLEMENTATIONS = YES;
				CLANG_WARN_DIRECT_OBJC_ISA_USAGE = YES_ERROR;
				CLANG_WARN_DOCUMENTATION_COMMENTS = YES;
				CLANG_WARN_EMPTY_BODY = YES;
				CLANG_WARN_ENUM_CONVERSION = YES;
				CLANG_WARN_INFINITE_RECURSION = YES;
				CLANG_WARN_INT_CONVERSION = YES;
				CLANG_WARN_NON_LITERAL_NULL_CONVERSION = YES;
				CLANG_WARN_OBJC_IMPLICIT_RETAIN_SELF = YES;
				CLANG_WARN_OBJC_LITERAL_CONVERSION = YES;
				CLANG_WARN_OBJC_ROOT_CLASS = YES_ERROR;
				CLANG_WARN_QUOTED_INCLUDE_IN_FRAMEWORK_HEADER = YES;
				CLANG_WARN_RANGE_LOOP_ANALYSIS = YES;
				CLANG_WARN_STRICT_PROTOTYPES = YES;
				CLANG_WARN_SUSPICIOUS_MOVE = YES;
				CLANG_WARN_UNGUARDED_AVAILABILITY = YES_AGGRESSIVE;
				CLANG_WARN_UNREACHABLE_CODE = YES;
				CLANG_WARN__DUPLICATE_METHOD_MATCH = YES;
				COPY_PHASE_STRIP = NO;
				DEBUG_INFORMATION_FORMAT = "dwarf-with-dsym";
				ENABLE_NS_ASSERTIONS = NO;
				ENABLE_STRICT_OBJC_MSGSEND = YES;
				ENABLE_USER_SCRIPT_SANDBOXING = YES;
				GCC_C_LANGUAGE_STANDARD = gnu17;
				GCC_NO_COMMON_BLOCKS = YES;
				GCC_WARN_64_TO_32_BIT_CONVERSION = YES;
				GCC_WARN_ABOUT_RETURN_TYPE = YES_ERROR;
				GCC_WARN_UNDECLARED_SELECTOR = YES;
				GCC_WARN_UNINITIALIZED_AUTOS = YES_AGGRESSIVE;
				GCC_WARN_UNUSED_FUNCTION = YES;
				GCC_WARN_UNUSED_VARIABLE = YES;
				LOCALIZATION_PREFERS_STRING_CATALOGS = YES;
				MACOSX_DEPLOYMENT_TARGET = 13.0;
				MTL_ENABLE_DEBUG_INFO = NO;
				MTL_FAST_MATH = YES;
				SDKROOT = macosx;
				SWIFT_COMPILATION_MODE = wholemodule;
				VALIDATE_PRODUCT = YES;
			};
			name = Release;
		};
		A1234567890ABCDEF015 /* Debug */ = {
			isa = XCBuildConfiguration;
			buildSettings = {
				ASSETCATALOG_COMPILER_APPICON_NAME = AppIcon;
				ASSETCATALOG_COMPILER_GLOBAL_ACCENT_COLOR_NAME = AccentColor;
				CODE_SIGN_STYLE = Automatic;
				CURRENT_PROJECT_VERSION = 1;
				DEVELOPMENT_ASSET_PATHS = "\"Preview Content\"";
				ENABLE_PREVIEWS = YES;
				GENERATE_INFOPLIST_FILE = YES;
				INFOPLIST_FILE = Info.plist;
				INFOPLIST_KEY_NSCameraUsageDescription = "This app uses the camera to detect when someone else is looking at your screen to protect your privacy.";
				INFOPLIST_KEY_NSHumanReadableCopyright = "Copyright © 2025 iSee. All rights reserved.";
				INFOPLIST_KEY_NSMicrophoneUsageDescription = "This app does not use the microphone.";
				LD_RUNPATH_SEARCH_PATHS = (
					"$(inherited)",
					"@executable_path/Frameworks",
				);
				MARKETING_VERSION = 1.0;
				PRODUCT_BUNDLE_IDENTIFIER = com.isee.app;
				PRODUCT_NAME = "$(TARGET_NAME)";
				SWIFT_EMIT_LOC_STRINGS = YES;
				SWIFT_VERSION = 5.0;
				TARGETED_DEVICE_FAMILY = "1,2,3";
			};
			name = Debug;
		};
		A1234567890ABCDEF016 /* Release */ = {
			isa = XCBuildConfiguration;
			buildSettings = {
				ASSETCATALOG_COMPILER_APPICON_NAME = AppIcon;
				ASSETCATALOG_COMPILER_GLOBAL_ACCENT_COLOR_NAME = AccentColor;
				CODE_SIGN_STYLE = Automatic;
				CURRENT_PROJECT_VERSION = 1;
				DEVELOPMENT_ASSET_PATHS = "\"Preview Content\"";
				ENABLE_PREVIEWS = YES;
				GENERATE_INFOPLIST_FILE = YES;
				INFOPLIST_FILE = Info.plist;
				INFOPLIST_KEY_NSCameraUsageDescription = "This app uses the camera to detect when someone else is looking at your screen to protect your privacy.";
				INFOPLIST_KEY_NSHumanReadableCopyright = "Copyright © 2025 iSee. All rights reserved.";
				INFOPLIST_KEY_NSMicrophoneUsageDescription = "This app does not use the microphone.";
				LD_RUNPATH_SEARCH_PATHS = (
					"$(inherited)",
					"@executable_path/Frameworks",
				);
				MARKETING_VERSION = 1.0;
				PRODUCT_BUNDLE_IDENTIFIER = com.isee.app;
				PRODUCT_NAME = "$(TARGET_NAME)";
				SWIFT_EMIT_LOC_STRINGS = YES;
				SWIFT_VERSION = 5.0;
				TARGETED_DEVICE_FAMILY = "1,2,3";
			};
			name = Release;
		};
/* End XCBuildConfiguration section */

/* Begin XCConfigurationList section */
		A1234567890ABCDEF012 /* Build configuration list for PBXNativeTarget "isee" */ = {
			isa = XCConfigurationList;
			buildConfigurations = (
				A1234567890ABCDEF015 /* Debug */,
				A1234567890ABCDEF016 /* Release */,
			);
			defaultConfigurationIsVisible = 0;
			defaultConfigurationName = Release;
		};
		A1234567890ABCDEFF8 /* Build configuration list for PBXProject "isee" */ = {
			isa = XCConfigurationList;
			buildConfigurations = (
				A1234567890ABCDEF013 /* Debug */,
				A1234567890ABCDEF014 /* Release */,
			);
			defaultConfigurationIsVisible = 0;
			defaultConfigurationName = Release;
		};
/* End XCConfigurationList section */
	};
	rootObject = A1234567890ABCDEFF5 /* Project object */;
}
